repo = "main"
name = "ncurses"
version = "6.5"
upstream = "https://invisible-mirror.net/archives/ncurses/?C=M;O=D"
version_command = "curl -s 'https://invisible-mirror.net/archives/ncurses/?C=M;O=D' | grep ncurses- | head -n1 | cut -d- -f2 | cut -d. -f1-2"

[source]
url = "https://invisible-mirror.net/archives/ncurses/ncurses-6.5.tar.gz"
hash = "E22RvCaamleF5fnpgLx2q1dCj2BM4-WlqQzrx2eXHMY"
