name = "glibc"
version = "2.40"
repo = "main"

[data]
source = { url = "https://ftp.gnu.org/gnu/glibc/glibc-2.40.tar.xz", hash = "GaiQF16SY9dI9ieZPeb0sa-c0h4D8IDkv7Oh-sECBaI" }
extra = [
  { url = "https://www.linuxfromscratch.org/patches/lfs/development/glibc-2.40-fhs-1.patch", hash = "ZDVS2wMOLy1__eT1WOD1-D0_q_NKLg5W69tJdQrCew0" },
]
