repo = "main"
name = "glibc"
version = "2.41"
upstream = "https://sourceware.org/git/glibc.git"
version_command = '''git ls-remote --tags --refs 'https://sourceware.org/git/glibc.git' | tsed 's@.*/@@' | cut -d- -f2 | grep -Ev '9000|[a-z]+' | grep '\.' | sort -V | tail -n1'''

[source]
url = "https://ftp.gnu.org/gnu/glibc/glibc-2.41.tar.xz"
hash = "paJrIvVF1rfXs92CjhHkKPJPT6xDyTT7BxtqfQgo6QE"

[[extra]]
url = "https://www.linuxfromscratch.org/patches/lfs/development/glibc-2.41-fhs-1.patch"
hash = "ZDVS2wMOLy1__eT1WOD1-D0_q_NKLg5W69tJdQrCew0"
