repo = "main"
name = "libunwind"
version = "1.8.1"
description = "C API to determine the call-chain of a program"
timestamp = "2025-02-20 20:23:23"
upstream = "https://github.com/libunwind/libunwind.git"

[source]
url = "https://github.com/libunwind/libunwind/releases/download/v1.8.1/libunwind-1.8.1.tar.gz"
hash = "3fDjLdX6_lKDGY035L-d7Pe6F3C25-AGwz5t955qYVc"
