repo = "main"
name = "lzip"
version = "1.25"
upstream = "http://download.savannah.gnu.org/releases/lzip/?C=M&O=D"
version_command = "curl -s 'http://download.savannah.gnu.org/releases/lzip/?C=M&O=D' | grep 'lzip-' | head -n1 | cut -d- -f2 | cut -d. -f1-3 | sed 's@.tar.*@@'"

[source]
url = "http://download.savannah.gnu.org/releases/lzip/lzip-1.25.tar.gz"
hash = "CUGKbY-4P1ET9b2FbglwPfXTe64DCMZo0PNG49PwpW8"
