repo = "main"
name = "nettle"
version = "3.10"
upstream = "https://git.lysator.liu.se/nettle/nettle.git"
version_command = "git ls-remote --tags --refs 'https://git.lysator.liu.se/nettle/nettle.git' | sed 's@.*/@@' | grep '_release_' | cut -d_ -f2 | sort -V | tail -n1"

[source]
url = "https://ftp.gnu.org/gnu/nettle/nettle-3.10.tar.gz"
hash = "tMUYrbF05ITLSs6lQRjwI4DHEzdx5-m-uYoHhxlO5Hw"
