repo = "main"
name = "man-db"
version = "2.13.0"
description = "Programs for finding and viewing man pages"
timestamp = "2025-02-20 20:23:24"
upstream = "https://gitlab.com/man-db/man-db.git"

[source]
url = "https://download.savannah.gnu.org/releases/man-db/man-db-2.13.0.tar.xz"
hash = "gvBzn09hqrXrk30jTeOwFOd3tVOKKMvTFDPEWuCa77k"
