name = "polkit"
version = "125"
repo = "main"

[data]
source = { url = "https://github.com/polkit-org/polkit/archive/125/polkit-125.tar.gz", hash = "6lzW5uKvprrZOO53C_DCzZMXkQ83lW-uuihprc83R9E" }
extra = [
]
upstream = "https://github.com/polkit-org/polkit.git"
version_command = '''git ls-remote --tags --refs 'https://github.com/polkit-org/polkit.git' | sed 's@.*/@@' | grep -E '^[0-9]+$' | tail -n1'''
