repo = "main"
name = "libxcrypt"
version = "4.4.38"
description = "Modern library for password hashing"
timestamp = "2025-02-20 20:23:23"
upstream = "https://github.com/besser82/libxcrypt.git"

[source]
url = "https://github.com/besser82/libxcrypt/releases/download/v4.4.38/libxcrypt-4.4.38.tar.xz"
hash = "gDBLnDBup5kyfwHZp1Sb2ygxd4kYJjHxtU9FEbQgbdY"
