repo = "main"
name = "libidn2"
version = "2.3.7"
description = "Library for working with internationalized domain names"
timestamp = "2025-02-20 20:23:23"
upstream = "https://gitlab.com/libidn/libidn2.git"

[source]
url = "https://ftp.gnu.org/gnu/libidn/libidn2-2.3.7.tar.gz"
hash = "TCGnkbYQuVGbnQ4SuAl78vNZsS-N2SZHYRqSnmv9fWQ"
