repo = "main"
name = "jq"
version = "2.1.0"
description = "A jq clone focussed on correctness, speed, and simplicity"
timestamp = "2025-02-20 20:19:50"
dependencies = ["rust"]
upstream = "https://github.com/01mf02/jaq.git"

[source]
url = "https://github.com/01mf02/jaq/archive/refs/tags/v2.1.0.tar.gz"
hash = "Wc0X6AakeX4o-kIHPGyKTW-0Dijv16Y_MATR1zjVvpM"
