repo = "main"
name = "wayland-protocols"
version = "1.41"
description = "Additional protocols expanding Wayland functionality"
timestamp = "2025-02-20 20:23:26"
upstream = "https://gitlab.freedesktop.org/wayland/wayland-protocols.git"

[source]
url = "https://gitlab.freedesktop.org/wayland/wayland-protocols/-/releases/1.41/downloads/wayland-protocols-1.41.tar.xz"
hash = "shcReTJHwsQnY5FDkt-p_LnjcoyktKoRCtuNkV_ABok"
