repo = "main"
name = "fontconfig"
version = "2.16.0"
description = "Library and utilities for configuring fonts"
timestamp = "2025-02-20 20:19:48"
dependencies = ["freetype"]
upstream = "https://gitlab.freedesktop.org/fontconfig/fontconfig.git"
version_command = "git ls-remote --tags --refs 'https://gitlab.freedesktop.org/fontconfig/fontconfig.git' | sed 's@.*/@@' | grep -Ev '[a-Z]' | sort -V | tail -n1"

[source]
url = "https://www.freedesktop.org/software/fontconfig/release/fontconfig-2.16.0.tar.xz"
hash = "ajPcVVzJuosQyvdpWHjvE07rNtCvNmBB9jmx2ptu0iA"
