name = "sdl2"
version = "2.30.12"
repo = "main"

[data]
source = { url = "https://www.libsdl.org/release/SDL2-2.30.12.tar.gz", hash = "rDVupV6LndCy0fon2kDvfiOCZ8z5MkcEhQ1dRzdbSOo" }
extra = [
]
upstream = "https://github.com/libsdl-org/SDL.git"
version_command = '''git ls-remote --tags --refs 'https://github.com/libsdl-org/SDL.git' | sed 's@.*/@@' | grep '^release-2' | cut -d- -f2 | sort -V | tail -n1'''
