name = "sdl2"
version = "2.32.0"
repo = "main"

[data]
source = { url = "https://www.libsdl.org/release/SDL2-2.32.0.tar.gz", hash = "9cK1JJh4WFjz3h4pluujwbgF0I_haKR-pSfH_DOQctA" }
extra = [
]
upstream = "https://github.com/libsdl-org/SDL.git"
version_command = '''git ls-remote --tags --refs 'https://github.com/libsdl-org/SDL.git' | sed 's@.*/@@' | grep '^release-2' | cut -d- -f2 | sort -V | tail -n1'''
