repo = "main"
name = "sdl2"
version = "2.32.0"
description = "A library for portable low-level access to a video framebuffer, audio output, mouse, and keyboard"
timestamp = "2025-02-20 20:23:25"
dependencies = [
    "libxkbcommon",
    "wayland-protocols",
    "libxext",
    "libxrender",
    "libx11",
    "libxcursor",
    "libxrandr",
    "libxinerama",
    "libxss",
    "alsa-lib",
]
upstream = "https://github.com/libsdl-org/SDL.git"
version_command = "git ls-remote --tags --refs 'https://github.com/libsdl-org/SDL.git' | sed 's@.*/@@' | grep '^release-2' | cut -d- -f2 | sort -V | tail -n1"

[source]
url = "https://www.libsdl.org/release/SDL2-2.32.0.tar.gz"
hash = "9cK1JJh4WFjz3h4pluujwbgF0I_haKR-pSfH_DOQctA"
