repo = "main"
name = "alsa-utils"
version = "1.2.13"
description = "ALSA utilities"
timestamp = "2025-02-20 20:19:47"
upstream = "https://github.com/alsa-project/alsa-utils.git"

[source]
url = "https://www.alsa-project.org/files/pub/utils/alsa-utils-1.2.13.tar.bz2"
hash = "FwKmsc35uj6ZbsvB3c-RceaAj1lh1QPQ8n6A7hYvHao"
