name = "kernel"
version = "6.13.2"
repo = "main"

[data]
source = { url = "https://cdn.kernel.org/pub/linux/kernel/v6.x/linux-6.13.2.tar.gz", hash = "K1TlUFR-K9v7Rstjz7AYOYPSs_DzZ4li9lN5XvReERw" }
extra = [
]
upstream = "https://kernel.org"
version_command = '''curl -s 'https://kernel.org' | grep linux- | head -n1 | cut -d'>' -f2 | cut -d'<' -f1'''
