repo = "main"
name = "entr"
version = "5.7"
description = "Run arbitrary commands on file change"
timestamp = "2025-02-20 20:19:48"
upstream = "https://github.com/eradman/entr.git"

[source]
url = "https://github.com/eradman/entr/archive/refs/tags/5.7.tar.gz"
hash = "kMXZQ4IMcM7zfrQaOCpupPXdf9le_vE7K1Ug0yD10Gc"
