name = "udev"
version = "257.1"
repo = "main"

[data]
source = { url = "https://github.com/systemd/systemd/archive/v257.1/systemd-257.1.tar.gz", hash = "N1NlufNxi6X8KpckRe782eIpzBi__pWBgiDCpS7-jtk" }
extra = [
  { url = "https://anduin.linuxfromscratch.org/LFS/udev-lfs-20230818.tar.xz", hash = "EEzd5SqJjGSM40ap7R--kpdRRlZTRjamWEEyzy10KNk" },
]
upstream = "https://github.com/systemd/systemd.git"
