repo = "main"
name = "sendme"
version = "0.23.0"
description = "Stupid easy file transferring"
timestamp = "2025-02-20 20:23:25"
upstream = "https://github.com/n0-computer/sendme.git"

[source]
url = "https://github.com/n0-computer/sendme/archive/refs/tags/v0.23.0.tar.gz"
hash = "L_hXFdTCVA_ePQNHHIKcBX59XyHSbwjF5vDaXPspsWY"
