repo = "main"
name = "graphviz"
version = "12.2.1"
description = "Graph visualization software"
timestamp = "2025-02-20 20:19:49"
upstream = "https://gitlab.com/graphviz/graphviz.git"
version_command = "git ls-remote --tags --refs 'https://gitlab.com/graphviz/graphviz.git' | sed 's@.*/@@' | grep -Ev '[a-Z]' | sort -V | tail -n1"

[source]
url = "https://gitlab.com/graphviz/graphviz/-/archive/12.2.1/graphviz-12.2.1.tar.bz2"
hash = "qZCzjD6oB6Bll86NRth4eOWbs_sSYJ_ZjAKoYaTKgbg"
