repo = "main"
name = "wget"
version = "2.2.0"
upstream = "https://gitlab.com/gnuwget/wget2.git"
version_command = "git ls-remote --tags --refs 'https://gitlab.com/gnuwget/wget2.git' | grep v | tail -n1 | cut -d/ -f3"

[source]
url = "https://gnuwget.gitlab.io/wget2/wget2-latest.tar.gz"
hash = "brV1TicPp6RvboxjzKytc3nsdAoDFv37D72VEqRh1m4"
