repo = "main"
name = "whois"
version = "5.5.23"
description = "Tool to query domain name information"
timestamp = "2025-02-20 20:23:26"
upstream = "https://github.com/rfc1036/whois"

[source]
url = "https://github.com/rfc1036/whois/archive/v5.5.23/whois-5.5.23.tar.gz"
hash = "3PwI8zYsdOyK4waRlBkJ68zwyz0n2gQjb34nkNvHdXw"
