repo = "main"
name = "efivar"
version = "39"
description = "Tools and libraries for EFI variable manipulation"
timestamp = "2025-02-20 20:19:48"
upstream = "https://github.com/rhboot/efivar.git"
version_command = "git ls-remote --tags --refs 'https://github.com/rhboot/efivar.git' | grep -B1 'refs/tags/4$' | head -n1 | cut -d/ -f3"

[source]
url = "https://github.com/rhboot/efivar/archive/39/efivar-39.tar.gz"
hash = "ye3RXy7u6mMjLz5mmkjpkse-mv9X7iJnKsMfXsoWCaY"
