repo = "main"
name = "libelf"
version = "0.192"
description = "Library for handling ELF files"
timestamp = "2025-02-20 20:23:23"
upstream = "https://sourceware.org/git/elfutils.git"
version_command = "git ls-remote --tags 'https://sourceware.org/git/elfutils.git' | tail -n2 | head -n1 | cut -d- -f2"

[source]
url = "https://sourceware.org/ftp/elfutils/0.192/elfutils-0.192.tar.bz2"
hash = "YWCZvq4kq6Efm2PYbKbMjVZtlouAI5EzTJHfVOq0FrQ"
