repo = "main"
name = "procps-ng"
version = "4.0.5"
description = "Programs for monitoring processes"
timestamp = "2025-02-20 20:23:25"
upstream = "https://gitlab.com/procps-ng/procps.git"

[source]
url = "https://sourceforge.net/projects/procps-ng/files/Production/procps-ng-4.0.5.tar.xz"
hash = "wubRk8x4-EzW3bcqr21capFi8EcOWZIJIFf1_1GFYvo"
