name = "freetype"
version = "2.13.3"
repo = "main"

[data]
source = { url = "https://downloads.sourceforge.net/project/freetype/freetype2/2.13.3/freetype-2.13.3.tar.xz", hash = "BVA1BmbUJ8dNrrhdWse7NTrLpfdpVjlZlTEanG8GMok" }
extra = [
]
upstream = "https://gitlab.freedesktop.org/freetype/freetype.git"
version_command = '''git ls-remote --tags --refs 'https://gitlab.freedesktop.org/freetype/freetype.git' | sed -e 's@.*/@@' -e 's@VER-@@' -e 's@-@.@g' | grep -Ev '[a-Z]+' | sort -V | tail -n1'''
