name = "python"
version = "3.13.1"
repo = "main"

[data]
source = { url = "https://www.python.org/ftp/python/3.13.1/Python-3.13.1.tar.xz", hash = "nPlCe-6eIkLjh33Q9rZBwYU8pGHznWUDziYKWcgL8Nk" }
extra = [
]
upstream = "https://github.com/python/cpython.git"
version_command = '''git ls-remote --tags --refs 'https://github.com/python/cpython.git' | sed 's@.*/@@' | grep -Ev 'a|b|rc' | sort -V | tail -n1'''
