name = "sysvinit"
version = "3.13"
repo = "main"

[data]
source = { url = "https://github.com/slicer69/sysvinit/releases/download/3.13/sysvinit-3.12.tar.xz", hash = "" }
extra = [
  { url = "https://www.linuxfromscratch.org/patches/lfs/development/sysvinit-3.13-consolidated-1.patch", hash = "" },
]
