repo = "main"
name = "vulkan-headers"
version = "1.4.304"
upstream = "https://github.com/KhronosGroup/Vulkan-Headers.git"
version_command = "git ls-remote --tags --refs 'https://github.com/KhronosGroup/Vulkan-Headers.git' | sed 's@.*/@@' | grep -E '^v[0-9]' | tail -n1"

[source]
url = "https://github.com/KhronosGroup/Vulkan-Headers/archive/v1.4.304/Vulkan-Headers-1.4.304.tar.gz"
hash = ""
