name = "curl"
version = "8.11.1"
repo = "main"

[data]
source = { url = "https://curl.se/download/curl-8.11.1.tar.xz", hash = "x8p9tIsJCXQ-rvNCUNoCwZvGHU8dzt1mA_EJQJU2q1Y" }
extra = [
  { url = "https://glfs-book.github.io/glfs/patches/curl-eventfd_regression-1.patch", hash = "djJQJqVY4lpDA3HQSLyMV2MwRw1qZUhZ1WrRPRQwjXc" },
]
