repo = "main"
name = "shadow"
version = "4.17.2"
description = "Secure password handling"
timestamp = "2025-02-20 20:23:25"
dependencies = ["linux-pam"]
upstream = "https://github.com/shadow-maint/shadow.git"
version_command = "git ls-remote --tags --refs 'https://github.com/shadow-maint/shadow.git' | sed 's:.*/::' | grep -v rc | sort -V | grep -B1 19990709 | head -n1"

[source]
url = "https://github.com/shadow-maint/shadow/releases/download/4.17.2/shadow-4.17.2.tar.xz"
hash = "ohzw00v_xDFM7eAc_yWGiRdPqzDKSUro9FeE09VsmEk"
