name = "nss"
version = "3.107"
repo = "main"

[data]
source = { url = "https://archive.mozilla.org/pub/security/nss/releases/NSS_3_107_RTM/src/nss-3.107.tar.gz", hash = "f36WRz44FQdxphX11A6MQbo6GThTAa4MUlCR8vydZyk" }
extra = [
  { url = "https://glfs-book.github.io/glfs/patches/nss-standalone-1.patch", hash = "h7sa8LEf1BMRuYmRh_bks_yplAZREjx7yDbsdJfS2oQ" },
]
upstream = "https://github.com/nss-dev/nss.git"
