name = "nss"
version = "3.108"
repo = "main"

[data]
source = { url = "https://archive.mozilla.org/pub/security/nss/releases/NSS_3_108_RTM/src/nss-3.108.tar.gz", hash = "oPb8tdutwWNbQ4J1F6l546bQBdB4hSeAKmsx4sX2buw" }
extra = [
  { url = "https://github.com/glfs-book/glfs/raw/refs/heads/trunk/patches/nss/nss-standalone-1.patch", hash = "h7sa8LEf1BMRuYmRh_bks_yplAZREjx7yDbsdJfS2oQ" },
]
upstream = "https://github.com/nss-dev/nss.git"
version_command = '''git ls-remote --tags --refs 'https://github.com/nss-dev/nss.git' | sed 's@.*/@@' | grep -E '^NSS.+RTM$' | sed -e 's@NSS_@@' -e 's@_RTM@@' -e 's@_@.@g' | grep -Ev '[a-Z]+' | sort -V | tail -n1'''
